
Microsoft Visual Studio Solution File, Format Version 12.00
# Visual Studio Version 17
VisualStudioVersion = 17.0.31903.59
MinimumVisualStudioVersion = 10.0.40219.1
Project("{FAE04EC0-301F-11D3-BF4B-00C04F79EFBC}") = "Quantum.Sdk", "SDK\Quantum.Sdk\Quantum.Sdk.csproj", "{139C9AE8-39B1-4AAA-9647-A3DF6F5F3B51}"
EndProject
Project("{FAE04EC0-301F-11D3-BF4B-00C04F79EFBC}") = "Quantum.Runtime", "Runtime\Quantum.Runtime.csproj", "{B6038E86-186A-4520-95D1-B0E25FD445F1}"
EndProject
Project("{FAE04EC0-301F-11D3-BF4B-00C04F79EFBC}") = "Quantum.BundleTool", "SDK\Quantum.BundleTool\Quantum.BundleTool.csproj", "{87CED238-4C37-4461-B52F-4C0052140BEC}"
EndProject
Project("{FAE04EC0-301F-11D3-BF4B-00C04F79EFBC}") = "TemplateModule", "Samples\TemplateModule\TemplateModule.csproj", "{B70BB02D-4064-4588-AB0D-460267B89D50}"
EndProject
Project("{FAE04EC0-301F-11D3-BF4B-00C04F79EFBC}") = "TemplateUiModule", "Samples\TemplateUiModule\TemplateUiModule.csproj", "{96B420E5-DB52-4BD2-943C-0F9A315F7DB8}"
EndProject
Project("{2150E333-8FDC-42A3-9474-1A3956D46DE8}") = "Samples", "Samples", "{C8CEA4FD-E427-4419-9600-F99B32427B31}"
EndProject
Project("{FAE04EC0-301F-11D3-BF4B-00C04F79EFBC}") = "SearchModule", "Samples\SearchModule\SearchModule.csproj", "{713252DB-04E2-41CC-80DB-3C4714136318}"
EndProject
Project("{FAE04EC0-301F-11D3-BF4B-00C04F79EFBC}") = "SearchUiModule", "Samples\SearchUiModule\SearchUiModule.csproj", "{9A5971A7-CFA2-4F1B-B9CE-2FEAD3932433}"
EndProject
Global
	GlobalSection(SolutionConfigurationPlatforms) = preSolution
		Debug|Any CPU = Debug|Any CPU
		Debug|x64 = Debug|x64
		Debug|x86 = Debug|x86
		Release|Any CPU = Release|Any CPU
		Release|x64 = Release|x64
		Release|x86 = Release|x86
	EndGlobalSection
	GlobalSection(ProjectConfigurationPlatforms) = postSolution
		{139C9AE8-39B1-4AAA-9647-A3DF6F5F3B51}.Debug|Any CPU.ActiveCfg = Debug|Any CPU
		{139C9AE8-39B1-4AAA-9647-A3DF6F5F3B51}.Debug|Any CPU.Build.0 = Debug|Any CPU
		{139C9AE8-39B1-4AAA-9647-A3DF6F5F3B51}.Debug|x64.ActiveCfg = Debug|Any CPU
		{139C9AE8-39B1-4AAA-9647-A3DF6F5F3B51}.Debug|x64.Build.0 = Debug|Any CPU
		{139C9AE8-39B1-4AAA-9647-A3DF6F5F3B51}.Debug|x86.ActiveCfg = Debug|Any CPU
		{139C9AE8-39B1-4AAA-9647-A3DF6F5F3B51}.Debug|x86.Build.0 = Debug|Any CPU
		{139C9AE8-39B1-4AAA-9647-A3DF6F5F3B51}.Release|Any CPU.ActiveCfg = Release|Any CPU
		{139C9AE8-39B1-4AAA-9647-A3DF6F5F3B51}.Release|Any CPU.Build.0 = Release|Any CPU
		{139C9AE8-39B1-4AAA-9647-A3DF6F5F3B51}.Release|x64.ActiveCfg = Release|Any CPU
		{139C9AE8-39B1-4AAA-9647-A3DF6F5F3B51}.Release|x64.Build.0 = Release|Any CPU
		{139C9AE8-39B1-4AAA-9647-A3DF6F5F3B51}.Release|x86.ActiveCfg = Release|Any CPU
		{139C9AE8-39B1-4AAA-9647-A3DF6F5F3B51}.Release|x86.Build.0 = Release|Any CPU
		{B6038E86-186A-4520-95D1-B0E25FD445F1}.Debug|Any CPU.ActiveCfg = Debug|Any CPU
		{B6038E86-186A-4520-95D1-B0E25FD445F1}.Debug|Any CPU.Build.0 = Debug|Any CPU
		{B6038E86-186A-4520-95D1-B0E25FD445F1}.Debug|x64.ActiveCfg = Debug|Any CPU
		{B6038E86-186A-4520-95D1-B0E25FD445F1}.Debug|x64.Build.0 = Debug|Any CPU
		{B6038E86-186A-4520-95D1-B0E25FD445F1}.Debug|x86.ActiveCfg = Debug|Any CPU
		{B6038E86-186A-4520-95D1-B0E25FD445F1}.Debug|x86.Build.0 = Debug|Any CPU
		{B6038E86-186A-4520-95D1-B0E25FD445F1}.Release|Any CPU.ActiveCfg = Release|Any CPU
		{B6038E86-186A-4520-95D1-B0E25FD445F1}.Release|Any CPU.Build.0 = Release|Any CPU
		{B6038E86-186A-4520-95D1-B0E25FD445F1}.Release|x64.ActiveCfg = Release|Any CPU
		{B6038E86-186A-4520-95D1-B0E25FD445F1}.Release|x64.Build.0 = Release|Any CPU
		{B6038E86-186A-4520-95D1-B0E25FD445F1}.Release|x86.ActiveCfg = Release|Any CPU
		{B6038E86-186A-4520-95D1-B0E25FD445F1}.Release|x86.Build.0 = Release|Any CPU
		{87CED238-4C37-4461-B52F-4C0052140BEC}.Debug|Any CPU.ActiveCfg = Debug|Any CPU
		{87CED238-4C37-4461-B52F-4C0052140BEC}.Debug|Any CPU.Build.0 = Debug|Any CPU
		{87CED238-4C37-4461-B52F-4C0052140BEC}.Debug|x64.ActiveCfg = Debug|Any CPU
		{87CED238-4C37-4461-B52F-4C0052140BEC}.Debug|x64.Build.0 = Debug|Any CPU
		{87CED238-4C37-4461-B52F-4C0052140BEC}.Debug|x86.ActiveCfg = Debug|Any CPU
		{87CED238-4C37-4461-B52F-4C0052140BEC}.Debug|x86.Build.0 = Debug|Any CPU
		{87CED238-4C37-4461-B52F-4C0052140BEC}.Release|Any CPU.ActiveCfg = Release|Any CPU
		{87CED238-4C37-4461-B52F-4C0052140BEC}.Release|Any CPU.Build.0 = Release|Any CPU
		{87CED238-4C37-4461-B52F-4C0052140BEC}.Release|x64.ActiveCfg = Release|Any CPU
		{87CED238-4C37-4461-B52F-4C0052140BEC}.Release|x64.Build.0 = Release|Any CPU
		{87CED238-4C37-4461-B52F-4C0052140BEC}.Release|x86.ActiveCfg = Release|Any CPU
		{87CED238-4C37-4461-B52F-4C0052140BEC}.Release|x86.Build.0 = Release|Any CPU
		{B70BB02D-4064-4588-AB0D-460267B89D50}.Debug|Any CPU.ActiveCfg = Debug|Any CPU
		{B70BB02D-4064-4588-AB0D-460267B89D50}.Debug|Any CPU.Build.0 = Debug|Any CPU
		{B70BB02D-4064-4588-AB0D-460267B89D50}.Debug|x64.ActiveCfg = Debug|Any CPU
		{B70BB02D-4064-4588-AB0D-460267B89D50}.Debug|x64.Build.0 = Debug|Any CPU
		{B70BB02D-4064-4588-AB0D-460267B89D50}.Debug|x86.ActiveCfg = Debug|Any CPU
		{B70BB02D-4064-4588-AB0D-460267B89D50}.Debug|x86.Build.0 = Debug|Any CPU
		{B70BB02D-4064-4588-AB0D-460267B89D50}.Release|Any CPU.ActiveCfg = Release|Any CPU
		{B70BB02D-4064-4588-AB0D-460267B89D50}.Release|Any CPU.Build.0 = Release|Any CPU
		{B70BB02D-4064-4588-AB0D-460267B89D50}.Release|x64.ActiveCfg = Release|Any CPU
		{B70BB02D-4064-4588-AB0D-460267B89D50}.Release|x64.Build.0 = Release|Any CPU
		{B70BB02D-4064-4588-AB0D-460267B89D50}.Release|x86.ActiveCfg = Release|Any CPU
		{B70BB02D-4064-4588-AB0D-460267B89D50}.Release|x86.Build.0 = Release|Any CPU
		{96B420E5-DB52-4BD2-943C-0F9A315F7DB8}.Debug|Any CPU.ActiveCfg = Debug|Any CPU
		{96B420E5-DB52-4BD2-943C-0F9A315F7DB8}.Debug|Any CPU.Build.0 = Debug|Any CPU
		{96B420E5-DB52-4BD2-943C-0F9A315F7DB8}.Debug|x64.ActiveCfg = Debug|Any CPU
		{96B420E5-DB52-4BD2-943C-0F9A315F7DB8}.Debug|x64.Build.0 = Debug|Any CPU
		{96B420E5-DB52-4BD2-943C-0F9A315F7DB8}.Debug|x86.ActiveCfg = Debug|Any CPU
		{96B420E5-DB52-4BD2-943C-0F9A315F7DB8}.Debug|x86.Build.0 = Debug|Any CPU
		{96B420E5-DB52-4BD2-943C-0F9A315F7DB8}.Release|Any CPU.ActiveCfg = Release|Any CPU
		{96B420E5-DB52-4BD2-943C-0F9A315F7DB8}.Release|Any CPU.Build.0 = Release|Any CPU
		{96B420E5-DB52-4BD2-943C-0F9A315F7DB8}.Release|x64.ActiveCfg = Release|Any CPU
		{96B420E5-DB52-4BD2-943C-0F9A315F7DB8}.Release|x64.Build.0 = Release|Any CPU
		{96B420E5-DB52-4BD2-943C-0F9A315F7DB8}.Release|x86.ActiveCfg = Release|Any CPU
		{96B420E5-DB52-4BD2-943C-0F9A315F7DB8}.Release|x86.Build.0 = Release|Any CPU
		{713252DB-04E2-41CC-80DB-3C4714136318}.Debug|Any CPU.ActiveCfg = Debug|Any CPU
		{713252DB-04E2-41CC-80DB-3C4714136318}.Debug|Any CPU.Build.0 = Debug|Any CPU
		{713252DB-04E2-41CC-80DB-3C4714136318}.Debug|x64.ActiveCfg = Debug|Any CPU
		{713252DB-04E2-41CC-80DB-3C4714136318}.Debug|x64.Build.0 = Debug|Any CPU
		{713252DB-04E2-41CC-80DB-3C4714136318}.Debug|x86.ActiveCfg = Debug|Any CPU
		{713252DB-04E2-41CC-80DB-3C4714136318}.Debug|x86.Build.0 = Debug|Any CPU
		{713252DB-04E2-41CC-80DB-3C4714136318}.Release|Any CPU.ActiveCfg = Release|Any CPU
		{713252DB-04E2-41CC-80DB-3C4714136318}.Release|Any CPU.Build.0 = Release|Any CPU
		{713252DB-04E2-41CC-80DB-3C4714136318}.Release|x64.ActiveCfg = Release|Any CPU
		{713252DB-04E2-41CC-80DB-3C4714136318}.Release|x64.Build.0 = Release|Any CPU
		{713252DB-04E2-41CC-80DB-3C4714136318}.Release|x86.ActiveCfg = Release|Any CPU
		{713252DB-04E2-41CC-80DB-3C4714136318}.Release|x86.Build.0 = Release|Any CPU
		{9A5971A7-CFA2-4F1B-B9CE-2FEAD3932433}.Debug|Any CPU.ActiveCfg = Debug|Any CPU
		{9A5971A7-CFA2-4F1B-B9CE-2FEAD3932433}.Debug|Any CPU.Build.0 = Debug|Any CPU
		{9A5971A7-CFA2-4F1B-B9CE-2FEAD3932433}.Debug|x64.ActiveCfg = Debug|Any CPU
		{9A5971A7-CFA2-4F1B-B9CE-2FEAD3932433}.Debug|x64.Build.0 = Debug|Any CPU
		{9A5971A7-CFA2-4F1B-B9CE-2FEAD3932433}.Debug|x86.ActiveCfg = Debug|Any CPU
		{9A5971A7-CFA2-4F1B-B9CE-2FEAD3932433}.Debug|x86.Build.0 = Debug|Any CPU
		{9A5971A7-CFA2-4F1B-B9CE-2FEAD3932433}.Release|Any CPU.ActiveCfg = Release|Any CPU
		{9A5971A7-CFA2-4F1B-B9CE-2FEAD3932433}.Release|Any CPU.Build.0 = Release|Any CPU
		{9A5971A7-CFA2-4F1B-B9CE-2FEAD3932433}.Release|x64.ActiveCfg = Release|Any CPU
		{9A5971A7-CFA2-4F1B-B9CE-2FEAD3932433}.Release|x64.Build.0 = Release|Any CPU
		{9A5971A7-CFA2-4F1B-B9CE-2FEAD3932433}.Release|x86.ActiveCfg = Release|Any CPU
		{9A5971A7-CFA2-4F1B-B9CE-2FEAD3932433}.Release|x86.Build.0 = Release|Any CPU
	EndGlobalSection
	GlobalSection(SolutionProperties) = preSolution
		HideSolutionNode = FALSE
	EndGlobalSection
	GlobalSection(NestedProjects) = preSolution
		{B70BB02D-4064-4588-AB0D-460267B89D50} = {C8CEA4FD-E427-4419-9600-F99B32427B31}
		{96B420E5-DB52-4BD2-943C-0F9A315F7DB8} = {C8CEA4FD-E427-4419-9600-F99B32427B31}
		{713252DB-04E2-41CC-80DB-3C4714136318} = {C8CEA4FD-E427-4419-9600-F99B32427B31}
		{9A5971A7-CFA2-4F1B-B9CE-2FEAD3932433} = {C8CEA4FD-E427-4419-9600-F99B32427B31}
	EndGlobalSection
EndGlobal
